PODS:
  - BabatorUI (0.2.3)

DEPENDENCIES:
  - BabatorUI (from `https://github.com/Babator/Babator-iOS-native-SDK.git`, branch
    `master`)

EXTERNAL SOURCES:
  BabatorUI:
    :branch: master
    :git: https://github.com/Babator/Babator-iOS-native-SDK.git

CHECKOUT OPTIONS:
  BabatorUI:
    :commit: a579f13977044a243aacc3c009ba3e2a84516b70
    :git: https://github.com/Babator/Babator-iOS-native-SDK.git

SPEC CHECKSUMS:
  BabatorUI: 287ed18bb9140056ff25507dc4af4712ca8cb790

COCOAPODS: 0.39.0
