PODS:
  - BabatorUI (0.2.6)

DEPENDENCIES:
  - BabatorUI (from `https://github.com/Babator/Babator-iOS-native-SDK.git`, tag `v0.2.6`)

EXTERNAL SOURCES:
  BabatorUI:
    :git: https://github.com/Babator/Babator-iOS-native-SDK.git
    :tag: v0.2.6

CHECKOUT OPTIONS:
  BabatorUI:
    :git: https://github.com/Babator/Babator-iOS-native-SDK.git
    :tag: v0.2.6

SPEC CHECKSUMS:
  BabatorUI: 0abcdc9aafb1545bb39a9e5f387579ae044843e0

PODFILE CHECKSUM: 6171436d285a2b52184e6d8a3e6db0509fd6b716

COCOAPODS: 1.1.1
